{
    "name": "drandexample",
    "version": "1.0.0",
    "lockfileVersion": 2,
    "requires": true,
    "packages": {
      "": {
        "name": "drandexample",
        "version": "1.0.0",
        "license": "MIT",
        "dependencies": {
          "abort-controller": "^3.0.0",
          "drand-client": "^0.2.0",
          "node-fetch": "^3.2.10"
        }
      },
      "node_modules/abort-controller": {
        "version": "3.0.0",
        "resolved": "https://registry.npmjs.org/abort-controller/-/abort-controller-3.0.0.tgz",
        "integrity": "sha512-h8lQ8tacZYnR3vNQTgibj+tODHI5/+l06Au2Pcriv/Gmet0eaj4TwWH41sO9wnHDiQsEj19q0drzdWdeAHtweg==",
        "dependencies": {
          "event-target-shim": "^5.0.0"
        },
        "engines": {
          "node": ">=6.5"
        }
      },
      "node_modules/data-uri-to-buffer": {
        "version": "4.0.0",
        "resolved": "https://registry.npmjs.org/data-uri-to-buffer/-/data-uri-to-buffer-4.0.0.tgz",
        "integrity": "sha512-Vr3mLBA8qWmcuschSLAOogKgQ/Jwxulv3RNE4FXnYWRGujzrRWQI4m12fQqRkwX06C0KanhLr4hK+GydchZsaA==",
        "engines": {
          "node": ">= 12"
        }
      },
      "node_modules/drand-client": {
        "version": "0.2.0",
        "resolved": "https://registry.npmjs.org/drand-client/-/drand-client-0.2.0.tgz",
        "integrity": "sha512-0L+X8rm1XCN908cIOYXAauXyBK32zf7y0cGLcoZVaMQmuZwbuqcVrrvQCOgh3qjptYuvnEFncMGpKf3p/7YjFw=="
      },
      "node_modules/event-target-shim": {
        "version": "5.0.1",
        "resolved": "https://registry.npmjs.org/event-target-shim/-/event-target-shim-5.0.1.tgz",
        "integrity": "sha512-i/2XbnSz/uxRCU6+NdVJgKWDTM427+MqYbkQzD321DuCQJUqOuJKIA0IM2+W2xtYHdKOmZ4dR6fExsd4SXL+WQ==",
        "engines": {
          "node": ">=6"
        }
      },
      "node_modules/fetch-blob": {
        "version": "3.2.0",
        "resolved": "https://registry.npmjs.org/fetch-blob/-/fetch-blob-3.2.0.tgz",
        "integrity": "sha512-7yAQpD2UMJzLi1Dqv7qFYnPbaPx7ZfFK6PiIxQ4PfkGPyNyl2Ugx+a/umUonmKqjhM4DnfbMvdX6otXq83soQQ==",
        "funding": [
          {
            "type": "github",
            "url": "https://github.com/sponsors/jimmywarting"
          },
          {
            "type": "paypal",
            "url": "https://paypal.me/jimmywarting"
          }
        ],
        "dependencies": {
          "node-domexception": "^1.0.0",
          "web-streams-polyfill": "^3.0.3"
        },
        "engines": {
          "node": "^12.20 || >= 14.13"
        }
      },
      "node_modules/formdata-polyfill": {
        "version": "4.0.10",
        "resolved": "https://registry.npmjs.org/formdata-polyfill/-/formdata-polyfill-4.0.10.tgz",
        "integrity": "sha512-buewHzMvYL29jdeQTVILecSaZKnt/RJWjoZCF5OW60Z67/GmSLBkOFM7qh1PI3zFNtJbaZL5eQu1vLfazOwj4g==",
        "dependencies": {
          "fetch-blob": "^3.1.2"
        },
        "engines": {
          "node": ">=12.20.0"
        }
      },
      "node_modules/node-domexception": {
        "version": "1.0.0",
        "resolved": "https://registry.npmjs.org/node-domexception/-/node-domexception-1.0.0.tgz",
        "integrity": "sha512-/jKZoMpw0F8GRwl4/eLROPA3cfcXtLApP0QzLmUT/HuPCZWyB7IY9ZrMeKw2O/nFIqPQB3PVM9aYm0F312AXDQ==",
        "funding": [
          {
            "type": "github",
            "url": "https://github.com/sponsors/jimmywarting"
          },
          {
            "type": "github",
            "url": "https://paypal.me/jimmywarting"
          }
        ],
        "engines": {
          "node": ">=10.5.0"
        }
      },
      "node_modules/node-fetch": {
        "version": "3.2.10",
        "resolved": "https://registry.npmjs.org/node-fetch/-/node-fetch-3.2.10.tgz",
        "integrity": "sha512-MhuzNwdURnZ1Cp4XTazr69K0BTizsBroX7Zx3UgDSVcZYKF/6p0CBe4EUb/hLqmzVhl0UpYfgRljQ4yxE+iCxA==",
        "dependencies": {
          "data-uri-to-buffer": "^4.0.0",
          "fetch-blob": "^3.1.4",
          "formdata-polyfill": "^4.0.10"
        },
        "engines": {
          "node": "^12.20.0 || ^14.13.1 || >=16.0.0"
        },
        "funding": {
          "type": "opencollective",
          "url": "https://opencollective.com/node-fetch"
        }
      },
      "node_modules/web-streams-polyfill": {
        "version": "3.2.1",
        "resolved": "https://registry.npmjs.org/web-streams-polyfill/-/web-streams-polyfill-3.2.1.tgz",
        "integrity": "sha512-e0MO3wdXWKrLbL0DgGnUV7WHVuw9OUvL4hjgnPkIeEvESk74gAITi5G606JtZPp39cd8HA9VQzCIvA49LpPN5Q==",
        "engines": {
          "node": ">= 8"
        }
      }
    },
    "dependencies": {
      "abort-controller": {
        "version": "3.0.0",
        "resolved": "https://registry.npmjs.org/abort-controller/-/abort-controller-3.0.0.tgz",
        "integrity": "sha512-h8lQ8tacZYnR3vNQTgibj+tODHI5/+l06Au2Pcriv/Gmet0eaj4TwWH41sO9wnHDiQsEj19q0drzdWdeAHtweg==",
        "requires": {
          "event-target-shim": "^5.0.0"
        }
      },
      "data-uri-to-buffer": {
        "version": "4.0.0",
        "resolved": "https://registry.npmjs.org/data-uri-to-buffer/-/data-uri-to-buffer-4.0.0.tgz",
        "integrity": "sha512-Vr3mLBA8qWmcuschSLAOogKgQ/Jwxulv3RNE4FXnYWRGujzrRWQI4m12fQqRkwX06C0KanhLr4hK+GydchZsaA=="
      },
      "drand-client": {
        "version": "0.2.0",
        "resolved": "https://registry.npmjs.org/drand-client/-/drand-client-0.2.0.tgz",
        "integrity": "sha512-0L+X8rm1XCN908cIOYXAauXyBK32zf7y0cGLcoZVaMQmuZwbuqcVrrvQCOgh3qjptYuvnEFncMGpKf3p/7YjFw=="
      },
      "event-target-shim": {
        "version": "5.0.1",
        "resolved": "https://registry.npmjs.org/event-target-shim/-/event-target-shim-5.0.1.tgz",
        "integrity": "sha512-i/2XbnSz/uxRCU6+NdVJgKWDTM427+MqYbkQzD321DuCQJUqOuJKIA0IM2+W2xtYHdKOmZ4dR6fExsd4SXL+WQ=="
      },
      "fetch-blob": {
        "version": "3.2.0",
        "resolved": "https://registry.npmjs.org/fetch-blob/-/fetch-blob-3.2.0.tgz",
        "integrity": "sha512-7yAQpD2UMJzLi1Dqv7qFYnPbaPx7ZfFK6PiIxQ4PfkGPyNyl2Ugx+a/umUonmKqjhM4DnfbMvdX6otXq83soQQ==",
        "requires": {
          "node-domexception": "^1.0.0",
          "web-streams-polyfill": "^3.0.3"
        }
      },
      "formdata-polyfill": {
        "version": "4.0.10",
        "resolved": "https://registry.npmjs.org/formdata-polyfill/-/formdata-polyfill-4.0.10.tgz",
        "integrity": "sha512-buewHzMvYL29jdeQTVILecSaZKnt/RJWjoZCF5OW60Z67/GmSLBkOFM7qh1PI3zFNtJbaZL5eQu1vLfazOwj4g==",
        "requires": {
          "fetch-blob": "^3.1.2"
        }
      },
      "node-domexception": {
        "version": "1.0.0",
        "resolved": "https://registry.npmjs.org/node-domexception/-/node-domexception-1.0.0.tgz",
        "integrity": "sha512-/jKZoMpw0F8GRwl4/eLROPA3cfcXtLApP0QzLmUT/HuPCZWyB7IY9ZrMeKw2O/nFIqPQB3PVM9aYm0F312AXDQ=="
      },
      "node-fetch": {
        "version": "3.2.10",
        "resolved": "https://registry.npmjs.org/node-fetch/-/node-fetch-3.2.10.tgz",
        "integrity": "sha512-MhuzNwdURnZ1Cp4XTazr69K0BTizsBroX7Zx3UgDSVcZYKF/6p0CBe4EUb/hLqmzVhl0UpYfgRljQ4yxE+iCxA==",
        "requires": {
          "data-uri-to-buffer": "^4.0.0",
          "fetch-blob": "^3.1.4",
          "formdata-polyfill": "^4.0.10"
        }
      },
      "web-streams-polyfill": {
        "version": "3.2.1",
        "resolved": "https://registry.npmjs.org/web-streams-polyfill/-/web-streams-polyfill-3.2.1.tgz",
        "integrity": "sha512-e0MO3wdXWKrLbL0DgGnUV7WHVuw9OUvL4hjgnPkIeEvESk74gAITi5G606JtZPp39cd8HA9VQzCIvA49LpPN5Q=="
      }
    }
  }
  